github.com/gorilla/mux v1.8.1 h1:TuBL49tXwgrFYWhqrNgrUNEY92u81SPhu7sTdzQEiWY=
github.com/gorilla/mux v1.8.1/go.mod h1:AKf9I4AEqPTmMytcMc0KkNouC66V3BtZ4qD5fmWSiMQ=
github.com/santheepkumar/mathmodpublic v0.1.1 h1:flACt2vXG6LKHtLiSr676HFlyB20T2mYW9gEkvMLek8=
github.com/santheepkumar/mathmodpublic v0.1.1/go.mod h1:vFU3paqn1u1rTmb1NvkhtL4BhU5IOeNn4ksPpAxO8Ds=
